
Microsoft Visual Studio Solution File, Format Version 12.00
# Visual Studio Version 16
VisualStudioVersion = 16.0.35130.168
MinimumVisualStudioVersion = 10.0.40219.1
Project("{FAE04EC0-301F-11D3-BF4B-00C04F79EFBC}") = "Api.Registro", "Api.Registro\Api.Registro.csproj", "{D94FA984-7F22-4539-BB31-F252D78B7419}"
EndProject
Global
	GlobalSection(SolutionConfigurationPlatforms) = preSolution
		Debug|Any CPU = Debug|Any CPU
		Release|Any CPU = Release|Any CPU
	EndGlobalSection
	GlobalSection(ProjectConfigurationPlatforms) = postSolution
		{D94FA984-7F22-4539-BB31-F252D78B7419}.Debug|Any CPU.ActiveCfg = Debug|Any CPU
		{D94FA984-7F22-4539-BB31-F252D78B7419}.Debug|Any CPU.Build.0 = Debug|Any CPU
		{D94FA984-7F22-4539-BB31-F252D78B7419}.Release|Any CPU.ActiveCfg = Release|Any CPU
		{D94FA984-7F22-4539-BB31-F252D78B7419}.Release|Any CPU.Build.0 = Release|Any CPU
	EndGlobalSection
	GlobalSection(SolutionProperties) = preSolution
		HideSolutionNode = FALSE
	EndGlobalSection
	GlobalSection(ExtensibilityGlobals) = postSolution
		SolutionGuid = {D8D2D5B5-F3F9-4961-AFBA-D35F47171313}
	EndGlobalSection
EndGlobal
